<?xml version="1.0" encoding="UTF-8"?>
<CodeBlocks_project_file>
	<FileVersion major="1" minor="6"/>
	<Project>
		<Option title="domus_engine_test"/>
		<Option makefile_is_custom="1"/>
		<Option compiler="gcc"/>
		<Option virtualFolders="CMake Files\;CMake Files\pistache\;CMake Files\pistache\tmp\;CMake Files\googletest\;CMake Files\googletest\googlemock\;CMake Files\googletest\googletest\;CMake Files\googletest\googletest\cmake\;CMake Files\src\;CMake Files\src\test\;CMake Files\src\serialDriver2\;CMake Files\src\DemoDriver\;CMake Files\src\usb\;CMake Files\src\Database\;CMake Files\src\ZigbeeData\;CMake Files\src\ZigbeeData\PropertyTree\;CMake Files\src\httpServer\;CMake Files\src\httpServer\RestActions\;CMake Files\src\serialDriver\;CMake Files\src\Exception\;CMake Files\src\Utils\;CMake Files\src\JavaScript\;CMake Files\src\JavaScript\JSZAttributes\;CMake Files\src\JavaScript\Exceptions\;CMake Files\src\IO\;CMake Files\src\Configuration\;CMake Files\src\json\;"/>
		<Build>
			<Target title="all">
				<Option working_dir="/home/paolo/workspace/zdomus/domusEngine/src/test"/>
				<Option type="4"/>
				<MakeCommands>
					<Build command="/usr/bin/make -j8 -f &quot;/home/paolo/workspace/zdomus/domusEngine/src/test/Makefile&quot;  VERBOSE=1 all"/>
					<CompileFile command="/usr/bin/make -j8 -f &quot;/home/paolo/workspace/zdomus/domusEngine/src/test/Makefile&quot;  VERBOSE=1 &quot;$file&quot;"/>
					<Clean command="/usr/bin/make -j8 -f &quot;/home/paolo/workspace/zdomus/domusEngine/src/test/Makefile&quot;  VERBOSE=1 clean"/>
					<DistClean command="/usr/bin/make -j8 -f &quot;/home/paolo/workspace/zdomus/domusEngine/src/test/Makefile&quot;  VERBOSE=1 clean"/>
				</MakeCommands>
			</Target>
			<Target title="domus_engine_test">
				<Option output="/home/paolo/workspace/zdomus/domusEngine/src/test/build/domus_engine_test" prefix_auto="0" extension_auto="0"/>
				<Option working_dir="/home/paolo/workspace/zdomus/domusEngine/src/test"/>
				<Option object_output="./"/>
				<Option type="1"/>
				<Option compiler="gcc"/>
				<Compiler>
					<Add directory="/home/paolo/workspace/zdomus/domusEngine/./include"/>
					<Add directory="/usr/local/zigbee/include"/>
					<Add directory="/home/paolo/workspace/zdomus/domusEngine/v8/include"/>
					<Add directory="/home/paolo/workspace/zdomus/domusEngine/pistache/src/pistache_fork/include"/>
					<Add directory="/home/paolo/workspace/zdomus/domusEngine/pistache/src/pistache_fork/include/pistache"/>
					<Add directory="/home/paolo/workspace/zdomus/domusEngine/include"/>
					<Add directory="/usr/include/libusb-1.0"/>
					<Add directory="/home/paolo/workspace/zdomus/domusEngine/src/test/../../pistache/src/pistache_fork/include"/>
					<Add directory="/home/paolo/workspace/zdomus/domusEngine/src/test/../../pistache/src/pistache_fork/include/pistache"/>
					<Add directory="/usr/include/postgresql"/>
					<Add directory="/usr/include/postgresql/server"/>
					<Add directory="/home/paolo/workspace/zdomus/domusEngine/src/test/../../v8/include"/>
					<Add directory="/home/paolo/workspace/zdomus/domusEngine/googletest/googletest/include"/>
					<Add directory="/home/paolo/workspace/zdomus/domusEngine/googletest/googlemock/include"/>
					<Add directory="/usr/lib/gcc/x86_64-pc-linux-gnu/7.2.0/include/g++-v7"/>
					<Add directory="/usr/lib/gcc/x86_64-pc-linux-gnu/7.2.0/include/g++-v7/x86_64-pc-linux-gnu"/>
					<Add directory="/usr/lib/gcc/x86_64-pc-linux-gnu/7.2.0/include/g++-v7/backward"/>
					<Add directory="/usr/lib/gcc/x86_64-pc-linux-gnu/7.2.0/include"/>
					<Add directory="/usr/local/include"/>
					<Add directory="/usr/lib/gcc/x86_64-pc-linux-gnu/7.2.0/include-fixed"/>
					<Add directory="/usr/include"/>
				</Compiler>
				<MakeCommands>
					<Build command="/usr/bin/make -j8 -f &quot;/home/paolo/workspace/zdomus/domusEngine/src/test/Makefile&quot;  VERBOSE=1 domus_engine_test"/>
					<CompileFile command="/usr/bin/make -j8 -f &quot;/home/paolo/workspace/zdomus/domusEngine/src/test/Makefile&quot;  VERBOSE=1 &quot;$file&quot;"/>
					<Clean command="/usr/bin/make -j8 -f &quot;/home/paolo/workspace/zdomus/domusEngine/src/test/Makefile&quot;  VERBOSE=1 clean"/>
					<DistClean command="/usr/bin/make -j8 -f &quot;/home/paolo/workspace/zdomus/domusEngine/src/test/Makefile&quot;  VERBOSE=1 clean"/>
				</MakeCommands>
			</Target>
			<Target title="domus_engine_test/fast">
				<Option output="/home/paolo/workspace/zdomus/domusEngine/src/test/build/domus_engine_test" prefix_auto="0" extension_auto="0"/>
				<Option working_dir="/home/paolo/workspace/zdomus/domusEngine/src/test"/>
				<Option object_output="./"/>
				<Option type="1"/>
				<Option compiler="gcc"/>
				<Compiler>
					<Add directory="/home/paolo/workspace/zdomus/domusEngine/./include"/>
					<Add directory="/usr/local/zigbee/include"/>
					<Add directory="/home/paolo/workspace/zdomus/domusEngine/v8/include"/>
					<Add directory="/home/paolo/workspace/zdomus/domusEngine/pistache/src/pistache_fork/include"/>
					<Add directory="/home/paolo/workspace/zdomus/domusEngine/pistache/src/pistache_fork/include/pistache"/>
					<Add directory="/home/paolo/workspace/zdomus/domusEngine/include"/>
					<Add directory="/usr/include/libusb-1.0"/>
					<Add directory="/home/paolo/workspace/zdomus/domusEngine/src/test/../../pistache/src/pistache_fork/include"/>
					<Add directory="/home/paolo/workspace/zdomus/domusEngine/src/test/../../pistache/src/pistache_fork/include/pistache"/>
					<Add directory="/usr/include/postgresql"/>
					<Add directory="/usr/include/postgresql/server"/>
					<Add directory="/home/paolo/workspace/zdomus/domusEngine/src/test/../../v8/include"/>
					<Add directory="/home/paolo/workspace/zdomus/domusEngine/googletest/googletest/include"/>
					<Add directory="/home/paolo/workspace/zdomus/domusEngine/googletest/googlemock/include"/>
					<Add directory="/usr/lib/gcc/x86_64-pc-linux-gnu/7.2.0/include/g++-v7"/>
					<Add directory="/usr/lib/gcc/x86_64-pc-linux-gnu/7.2.0/include/g++-v7/x86_64-pc-linux-gnu"/>
					<Add directory="/usr/lib/gcc/x86_64-pc-linux-gnu/7.2.0/include/g++-v7/backward"/>
					<Add directory="/usr/lib/gcc/x86_64-pc-linux-gnu/7.2.0/include"/>
					<Add directory="/usr/local/include"/>
					<Add directory="/usr/lib/gcc/x86_64-pc-linux-gnu/7.2.0/include-fixed"/>
					<Add directory="/usr/include"/>
				</Compiler>
				<MakeCommands>
					<Build command="/usr/bin/make -j8 -f &quot;/home/paolo/workspace/zdomus/domusEngine/src/test/Makefile&quot;  VERBOSE=1 domus_engine_test/fast"/>
					<CompileFile command="/usr/bin/make -j8 -f &quot;/home/paolo/workspace/zdomus/domusEngine/src/test/Makefile&quot;  VERBOSE=1 &quot;$file&quot;"/>
					<Clean command="/usr/bin/make -j8 -f &quot;/home/paolo/workspace/zdomus/domusEngine/src/test/Makefile&quot;  VERBOSE=1 clean"/>
					<DistClean command="/usr/bin/make -j8 -f &quot;/home/paolo/workspace/zdomus/domusEngine/src/test/Makefile&quot;  VERBOSE=1 clean"/>
				</MakeCommands>
			</Target>
			<Target title="database_test">
				<Option output="/home/paolo/workspace/zdomus/domusEngine/src/test/build/database_test" prefix_auto="0" extension_auto="0"/>
				<Option working_dir="/home/paolo/workspace/zdomus/domusEngine/src/test"/>
				<Option object_output="./"/>
				<Option type="1"/>
				<Option compiler="gcc"/>
				<Compiler>
					<Add directory="/home/paolo/workspace/zdomus/domusEngine/./include"/>
					<Add directory="/usr/local/zigbee/include"/>
					<Add directory="/home/paolo/workspace/zdomus/domusEngine/v8/include"/>
					<Add directory="/home/paolo/workspace/zdomus/domusEngine/pistache/src/pistache_fork/include"/>
					<Add directory="/home/paolo/workspace/zdomus/domusEngine/pistache/src/pistache_fork/include/pistache"/>
					<Add directory="/home/paolo/workspace/zdomus/domusEngine/include"/>
					<Add directory="/usr/include/libusb-1.0"/>
					<Add directory="/home/paolo/workspace/zdomus/domusEngine/src/test/../../pistache/src/pistache_fork/include"/>
					<Add directory="/home/paolo/workspace/zdomus/domusEngine/src/test/../../pistache/src/pistache_fork/include/pistache"/>
					<Add directory="/usr/include/postgresql"/>
					<Add directory="/usr/include/postgresql/server"/>
					<Add directory="/home/paolo/workspace/zdomus/domusEngine/src/test/../../v8/include"/>
					<Add directory="/home/paolo/workspace/zdomus/domusEngine/googletest/googletest/include"/>
					<Add directory="/home/paolo/workspace/zdomus/domusEngine/googletest/googlemock/include"/>
					<Add directory="/usr/lib/gcc/x86_64-pc-linux-gnu/7.2.0/include/g++-v7"/>
					<Add directory="/usr/lib/gcc/x86_64-pc-linux-gnu/7.2.0/include/g++-v7/x86_64-pc-linux-gnu"/>
					<Add directory="/usr/lib/gcc/x86_64-pc-linux-gnu/7.2.0/include/g++-v7/backward"/>
					<Add directory="/usr/lib/gcc/x86_64-pc-linux-gnu/7.2.0/include"/>
					<Add directory="/usr/local/include"/>
					<Add directory="/usr/lib/gcc/x86_64-pc-linux-gnu/7.2.0/include-fixed"/>
					<Add directory="/usr/include"/>
				</Compiler>
				<MakeCommands>
					<Build command="/usr/bin/make -j8 -f &quot;/home/paolo/workspace/zdomus/domusEngine/src/test/Makefile&quot;  VERBOSE=1 database_test"/>
					<CompileFile command="/usr/bin/make -j8 -f &quot;/home/paolo/workspace/zdomus/domusEngine/src/test/Makefile&quot;  VERBOSE=1 &quot;$file&quot;"/>
					<Clean command="/usr/bin/make -j8 -f &quot;/home/paolo/workspace/zdomus/domusEngine/src/test/Makefile&quot;  VERBOSE=1 clean"/>
					<DistClean command="/usr/bin/make -j8 -f &quot;/home/paolo/workspace/zdomus/domusEngine/src/test/Makefile&quot;  VERBOSE=1 clean"/>
				</MakeCommands>
			</Target>
			<Target title="database_test/fast">
				<Option output="/home/paolo/workspace/zdomus/domusEngine/src/test/build/database_test" prefix_auto="0" extension_auto="0"/>
				<Option working_dir="/home/paolo/workspace/zdomus/domusEngine/src/test"/>
				<Option object_output="./"/>
				<Option type="1"/>
				<Option compiler="gcc"/>
				<Compiler>
					<Add directory="/home/paolo/workspace/zdomus/domusEngine/./include"/>
					<Add directory="/usr/local/zigbee/include"/>
					<Add directory="/home/paolo/workspace/zdomus/domusEngine/v8/include"/>
					<Add directory="/home/paolo/workspace/zdomus/domusEngine/pistache/src/pistache_fork/include"/>
					<Add directory="/home/paolo/workspace/zdomus/domusEngine/pistache/src/pistache_fork/include/pistache"/>
					<Add directory="/home/paolo/workspace/zdomus/domusEngine/include"/>
					<Add directory="/usr/include/libusb-1.0"/>
					<Add directory="/home/paolo/workspace/zdomus/domusEngine/src/test/../../pistache/src/pistache_fork/include"/>
					<Add directory="/home/paolo/workspace/zdomus/domusEngine/src/test/../../pistache/src/pistache_fork/include/pistache"/>
					<Add directory="/usr/include/postgresql"/>
					<Add directory="/usr/include/postgresql/server"/>
					<Add directory="/home/paolo/workspace/zdomus/domusEngine/src/test/../../v8/include"/>
					<Add directory="/home/paolo/workspace/zdomus/domusEngine/googletest/googletest/include"/>
					<Add directory="/home/paolo/workspace/zdomus/domusEngine/googletest/googlemock/include"/>
					<Add directory="/usr/lib/gcc/x86_64-pc-linux-gnu/7.2.0/include/g++-v7"/>
					<Add directory="/usr/lib/gcc/x86_64-pc-linux-gnu/7.2.0/include/g++-v7/x86_64-pc-linux-gnu"/>
					<Add directory="/usr/lib/gcc/x86_64-pc-linux-gnu/7.2.0/include/g++-v7/backward"/>
					<Add directory="/usr/lib/gcc/x86_64-pc-linux-gnu/7.2.0/include"/>
					<Add directory="/usr/local/include"/>
					<Add directory="/usr/lib/gcc/x86_64-pc-linux-gnu/7.2.0/include-fixed"/>
					<Add directory="/usr/include"/>
				</Compiler>
				<MakeCommands>
					<Build command="/usr/bin/make -j8 -f &quot;/home/paolo/workspace/zdomus/domusEngine/src/test/Makefile&quot;  VERBOSE=1 database_test/fast"/>
					<CompileFile command="/usr/bin/make -j8 -f &quot;/home/paolo/workspace/zdomus/domusEngine/src/test/Makefile&quot;  VERBOSE=1 &quot;$file&quot;"/>
					<Clean command="/usr/bin/make -j8 -f &quot;/home/paolo/workspace/zdomus/domusEngine/src/test/Makefile&quot;  VERBOSE=1 clean"/>
					<DistClean command="/usr/bin/make -j8 -f &quot;/home/paolo/workspace/zdomus/domusEngine/src/test/Makefile&quot;  VERBOSE=1 clean"/>
				</MakeCommands>
			</Target>
		</Build>
		<Unit filename="/home/paolo/workspace/zdomus/domusEngine/src/serialDriver/SerialDriverFactory.h">
			<Option target="domus_engine_test"/>
		</Unit>
		<Unit filename="/home/paolo/workspace/zdomus/domusEngine/src/test/Configuration/ConfigurationTest.cpp">
			<Option target="domus_engine_test"/>
		</Unit>
		<Unit filename="/home/paolo/workspace/zdomus/domusEngine/src/test/Configuration/ConfigurationTest.h">
			<Option target="domus_engine_test"/>
		</Unit>
		<Unit filename="/home/paolo/workspace/zdomus/domusEngine/src/test/Database/DBTableTest.cpp">
			<Option target="database_test"/>
		</Unit>
		<Unit filename="/home/paolo/workspace/zdomus/domusEngine/src/test/Database/DBTableTest.h">
			<Option target="database_test"/>
		</Unit>
		<Unit filename="/home/paolo/workspace/zdomus/domusEngine/src/test/Javascript/JSAttributes/JSAttributeTest.cpp">
			<Option target="domus_engine_test"/>
		</Unit>
		<Unit filename="/home/paolo/workspace/zdomus/domusEngine/src/test/Javascript/JSAttributes/JSAttributeTest.h">
			<Option target="domus_engine_test"/>
		</Unit>
		<Unit filename="/home/paolo/workspace/zdomus/domusEngine/src/test/Javascript/JSAttributes/JSZAttribute8BitBitmapTest.cpp">
			<Option target="domus_engine_test"/>
		</Unit>
		<Unit filename="/home/paolo/workspace/zdomus/domusEngine/src/test/Javascript/JSAttributes/JSZAttribute8BitBitmapTest.h">
			<Option target="domus_engine_test"/>
		</Unit>
		<Unit filename="/home/paolo/workspace/zdomus/domusEngine/src/test/Javascript/JSAttributes/JSZAttribute8BitEnumTest.cpp">
			<Option target="domus_engine_test"/>
		</Unit>
		<Unit filename="/home/paolo/workspace/zdomus/domusEngine/src/test/Javascript/JSAttributes/JSZAttribute8BitEnumTest.h">
			<Option target="domus_engine_test"/>
		</Unit>
		<Unit filename="/home/paolo/workspace/zdomus/domusEngine/src/test/Javascript/JSAttributes/JSZAttributeBooleanTest.cpp">
			<Option target="domus_engine_test"/>
		</Unit>
		<Unit filename="/home/paolo/workspace/zdomus/domusEngine/src/test/Javascript/JSAttributes/JSZAttributeBooleanTest.h">
			<Option target="domus_engine_test"/>
		</Unit>
		<Unit filename="/home/paolo/workspace/zdomus/domusEngine/src/test/Javascript/JSAttributes/JSZAttributeIEEEAddressTest.cpp">
			<Option target="domus_engine_test"/>
		</Unit>
		<Unit filename="/home/paolo/workspace/zdomus/domusEngine/src/test/Javascript/JSAttributes/JSZAttributeIEEEAddressTest.h">
			<Option target="domus_engine_test"/>
		</Unit>
		<Unit filename="/home/paolo/workspace/zdomus/domusEngine/src/test/Javascript/JSAttributes/JSZAttributeInt16Test.cpp">
			<Option target="domus_engine_test"/>
		</Unit>
		<Unit filename="/home/paolo/workspace/zdomus/domusEngine/src/test/Javascript/JSAttributes/JSZAttributeInt16Test.h">
			<Option target="domus_engine_test"/>
		</Unit>
		<Unit filename="/home/paolo/workspace/zdomus/domusEngine/src/test/Javascript/JSAttributes/JSZAttributeStringTest.cpp">
			<Option target="domus_engine_test"/>
		</Unit>
		<Unit filename="/home/paolo/workspace/zdomus/domusEngine/src/test/Javascript/JSAttributes/JSZAttributeStringTest.h">
			<Option target="domus_engine_test"/>
		</Unit>
		<Unit filename="/home/paolo/workspace/zdomus/domusEngine/src/test/Javascript/JSAttributes/JSZAttributeUInt16Test.cpp">
			<Option target="domus_engine_test"/>
		</Unit>
		<Unit filename="/home/paolo/workspace/zdomus/domusEngine/src/test/Javascript/JSAttributes/JSZAttributeUInt16Test.h">
			<Option target="domus_engine_test"/>
		</Unit>
		<Unit filename="/home/paolo/workspace/zdomus/domusEngine/src/test/Javascript/JSAttributes/JSZAttributeUInt24Test.cpp">
			<Option target="domus_engine_test"/>
		</Unit>
		<Unit filename="/home/paolo/workspace/zdomus/domusEngine/src/test/Javascript/JSAttributes/JSZAttributeUInt24Test.h">
			<Option target="domus_engine_test"/>
		</Unit>
		<Unit filename="/home/paolo/workspace/zdomus/domusEngine/src/test/Javascript/JSAttributes/JSZAttributeUInt8Test.cpp">
			<Option target="domus_engine_test"/>
		</Unit>
		<Unit filename="/home/paolo/workspace/zdomus/domusEngine/src/test/Javascript/JSAttributes/JSZAttributeUInt8Test.h">
			<Option target="domus_engine_test"/>
		</Unit>
		<Unit filename="/home/paolo/workspace/zdomus/domusEngine/src/test/Javascript/JSBaseTest.cpp">
			<Option target="domus_engine_test"/>
		</Unit>
		<Unit filename="/home/paolo/workspace/zdomus/domusEngine/src/test/Javascript/JSBaseTest.h">
			<Option target="domus_engine_test"/>
		</Unit>
		<Unit filename="/home/paolo/workspace/zdomus/domusEngine/src/test/Javascript/JSDBTableTest.cpp">
			<Option target="domus_engine_test"/>
		</Unit>
		<Unit filename="/home/paolo/workspace/zdomus/domusEngine/src/test/Javascript/JSDBTableTest.h">
			<Option target="domus_engine_test"/>
		</Unit>
		<Unit filename="/home/paolo/workspace/zdomus/domusEngine/src/test/Javascript/JSDeviceTest.cpp">
			<Option target="domus_engine_test"/>
		</Unit>
		<Unit filename="/home/paolo/workspace/zdomus/domusEngine/src/test/Javascript/JSDeviceTest.h">
			<Option target="domus_engine_test"/>
		</Unit>
		<Unit filename="/home/paolo/workspace/zdomus/domusEngine/src/test/Javascript/JSDevicesTest.cpp">
			<Option target="domus_engine_test"/>
		</Unit>
		<Unit filename="/home/paolo/workspace/zdomus/domusEngine/src/test/Javascript/JSDevicesTest.h">
			<Option target="domus_engine_test"/>
		</Unit>
		<Unit filename="/home/paolo/workspace/zdomus/domusEngine/src/test/Javascript/JSEndpointTest.cpp">
			<Option target="domus_engine_test"/>
		</Unit>
		<Unit filename="/home/paolo/workspace/zdomus/domusEngine/src/test/Javascript/JSEndpointTest.h">
			<Option target="domus_engine_test"/>
		</Unit>
		<Unit filename="/home/paolo/workspace/zdomus/domusEngine/src/test/Javascript/JSEndpointsTest.cpp">
			<Option target="domus_engine_test"/>
		</Unit>
		<Unit filename="/home/paolo/workspace/zdomus/domusEngine/src/test/Javascript/JSEndpointsTest.h">
			<Option target="domus_engine_test"/>
		</Unit>
		<Unit filename="/home/paolo/workspace/zdomus/domusEngine/src/test/Javascript/JSRowTest.cpp">
			<Option target="domus_engine_test"/>
		</Unit>
		<Unit filename="/home/paolo/workspace/zdomus/domusEngine/src/test/Javascript/JSRowTest.h">
			<Option target="domus_engine_test"/>
		</Unit>
		<Unit filename="/home/paolo/workspace/zdomus/domusEngine/src/test/Javascript/JSTest.cpp">
			<Option target="domus_engine_test"/>
		</Unit>
		<Unit filename="/home/paolo/workspace/zdomus/domusEngine/src/test/Javascript/JSTest.h">
			<Option target="domus_engine_test"/>
		</Unit>
		<Unit filename="/home/paolo/workspace/zdomus/domusEngine/src/test/Javascript/JSZClusterTest.cpp">
			<Option target="domus_engine_test"/>
		</Unit>
		<Unit filename="/home/paolo/workspace/zdomus/domusEngine/src/test/Javascript/JSZClusterTest.h">
			<Option target="domus_engine_test"/>
		</Unit>
		<Unit filename="/home/paolo/workspace/zdomus/domusEngine/src/test/Javascript/JavaScriptExecuterTest.cpp">
			<Option target="domus_engine_test"/>
		</Unit>
		<Unit filename="/home/paolo/workspace/zdomus/domusEngine/src/test/Javascript/JavaScriptExecuterTest.h">
			<Option target="domus_engine_test"/>
		</Unit>
		<Unit filename="/home/paolo/workspace/zdomus/domusEngine/src/test/Mocks/ClusterMock.cpp">
			<Option target="domus_engine_test"/>
		</Unit>
		<Unit filename="/home/paolo/workspace/zdomus/domusEngine/src/test/Mocks/ClusterMock.h">
			<Option target="domus_engine_test"/>
		</Unit>
		<Unit filename="/home/paolo/workspace/zdomus/domusEngine/src/test/Mocks/ClusterTypeFactoryMock.cpp">
			<Option target="domus_engine_test"/>
		</Unit>
		<Unit filename="/home/paolo/workspace/zdomus/domusEngine/src/test/Mocks/ClusterTypeFactoryMock.h">
			<Option target="domus_engine_test"/>
		</Unit>
		<Unit filename="/home/paolo/workspace/zdomus/domusEngine/src/test/Mocks/ClustersMock.cpp">
			<Option target="domus_engine_test"/>
		</Unit>
		<Unit filename="/home/paolo/workspace/zdomus/domusEngine/src/test/Mocks/ClustersMock.h">
			<Option target="domus_engine_test"/>
		</Unit>
		<Unit filename="/home/paolo/workspace/zdomus/domusEngine/src/test/Mocks/DBTableFactoryMock.cpp">
			<Option target="domus_engine_test"/>
		</Unit>
		<Unit filename="/home/paolo/workspace/zdomus/domusEngine/src/test/Mocks/DBTableFactoryMock.h">
			<Option target="domus_engine_test"/>
		</Unit>
		<Unit filename="/home/paolo/workspace/zdomus/domusEngine/src/test/Mocks/DBTableMock.cpp">
			<Option target="domus_engine_test"/>
		</Unit>
		<Unit filename="/home/paolo/workspace/zdomus/domusEngine/src/test/Mocks/DBTableMock.h">
			<Option target="domus_engine_test"/>
		</Unit>
		<Unit filename="/home/paolo/workspace/zdomus/domusEngine/src/test/Mocks/JSZAttributeFactoryMock.cpp">
			<Option target="domus_engine_test"/>
		</Unit>
		<Unit filename="/home/paolo/workspace/zdomus/domusEngine/src/test/Mocks/JSZAttributeFactoryMock.h">
			<Option target="domus_engine_test"/>
		</Unit>
		<Unit filename="/home/paolo/workspace/zdomus/domusEngine/src/test/Mocks/JSZAttributeMock.cpp">
			<Option target="domus_engine_test"/>
		</Unit>
		<Unit filename="/home/paolo/workspace/zdomus/domusEngine/src/test/Mocks/JSZAttributeMock.h">
			<Option target="domus_engine_test"/>
		</Unit>
		<Unit filename="/home/paolo/workspace/zdomus/domusEngine/src/test/Mocks/JSZClusterMock.cpp">
			<Option target="domus_engine_test"/>
		</Unit>
		<Unit filename="/home/paolo/workspace/zdomus/domusEngine/src/test/Mocks/JSZClusterMock.h">
			<Option target="domus_engine_test"/>
		</Unit>
		<Unit filename="/home/paolo/workspace/zdomus/domusEngine/src/test/Mocks/JSZDeviceMock.cpp">
			<Option target="domus_engine_test"/>
		</Unit>
		<Unit filename="/home/paolo/workspace/zdomus/domusEngine/src/test/Mocks/JSZDeviceMock.h">
			<Option target="domus_engine_test"/>
		</Unit>
		<Unit filename="/home/paolo/workspace/zdomus/domusEngine/src/test/Mocks/JSZEndpointMock.cpp">
			<Option target="domus_engine_test"/>
		</Unit>
		<Unit filename="/home/paolo/workspace/zdomus/domusEngine/src/test/Mocks/JSZEndpointMock.h">
			<Option target="domus_engine_test"/>
		</Unit>
		<Unit filename="/home/paolo/workspace/zdomus/domusEngine/src/test/Mocks/SingletonObjectsMock.cpp">
			<Option target="domus_engine_test"/>
		</Unit>
		<Unit filename="/home/paolo/workspace/zdomus/domusEngine/src/test/Mocks/SingletonObjectsMock.h">
			<Option target="domus_engine_test"/>
		</Unit>
		<Unit filename="/home/paolo/workspace/zdomus/domusEngine/src/test/Mocks/ZCLAttributeMock.cpp">
			<Option target="domus_engine_test"/>
		</Unit>
		<Unit filename="/home/paolo/workspace/zdomus/domusEngine/src/test/Mocks/ZCLAttributeMock.h">
			<Option target="domus_engine_test"/>
		</Unit>
		<Unit filename="/home/paolo/workspace/zdomus/domusEngine/src/test/Mocks/ZDevicesMock.cpp">
			<Option target="domus_engine_test"/>
		</Unit>
		<Unit filename="/home/paolo/workspace/zdomus/domusEngine/src/test/Mocks/ZDevicesMock.h">
			<Option target="domus_engine_test"/>
		</Unit>
		<Unit filename="/home/paolo/workspace/zdomus/domusEngine/src/test/Mocks/ZigbeeDeviceMock.cpp">
			<Option target="domus_engine_test"/>
		</Unit>
		<Unit filename="/home/paolo/workspace/zdomus/domusEngine/src/test/Mocks/ZigbeeDeviceMock.h">
			<Option target="domus_engine_test"/>
		</Unit>
		<Unit filename="/home/paolo/workspace/zdomus/domusEngine/src/test/Mocks/http/RestHandlerMock.cpp">
			<Option target="domus_engine_test"/>
		</Unit>
		<Unit filename="/home/paolo/workspace/zdomus/domusEngine/src/test/Mocks/http/RestHandlerMock.h">
			<Option target="domus_engine_test"/>
		</Unit>
		<Unit filename="/home/paolo/workspace/zdomus/domusEngine/src/test/ZigbeeData/ExtAddressTest.cpp">
			<Option target="domus_engine_test"/>
		</Unit>
		<Unit filename="/home/paolo/workspace/zdomus/domusEngine/src/test/ZigbeeData/ExtAddressTest.h">
			<Option target="domus_engine_test"/>
		</Unit>
		<Unit filename="/home/paolo/workspace/zdomus/domusEngine/src/test/ZigbeeData/ZDevicesTest.cpp">
			<Option target="domus_engine_test"/>
		</Unit>
		<Unit filename="/home/paolo/workspace/zdomus/domusEngine/src/test/ZigbeeData/ZDevicesTest.h">
			<Option target="domus_engine_test"/>
		</Unit>
		<Unit filename="/home/paolo/workspace/zdomus/domusEngine/src/test/main.cpp">
			<Option target="domus_engine_test"/>
		</Unit>
		<Unit filename="/home/paolo/workspace/zdomus/domusEngine/src/test/main_test.cpp">
			<Option target="database_test"/>
		</Unit>
		<Unit filename="/home/paolo/workspace/zdomus/domusEngine/src/test/serialDriver/IEEEAddressResponseSerialExecutorTest.cpp">
			<Option target="domus_engine_test"/>
		</Unit>
		<Unit filename="/home/paolo/workspace/zdomus/domusEngine/src/test/serialDriver/IEEEAddressResponseSerialExecutorTest.h">
			<Option target="domus_engine_test"/>
		</Unit>
		<Unit filename="/home/paolo/workspace/zdomus/domusEngine/src/v8_blob/x64-debug/native_blob.cpp">
			<Option target="domus_engine_test"/>
		</Unit>
		<Unit filename="/home/paolo/workspace/zdomus/domusEngine/src/v8_blob/x64-debug/snapshot_blob.cpp">
			<Option target="domus_engine_test"/>
		</Unit>
		<Unit filename="/home/paolo/workspace/zdomus/domusEngine/CMakeLists.txt">
			<Option virtualFolder="CMake Files\"/>
		</Unit>
		<Unit filename="/home/paolo/workspace/zdomus/domusEngine/pistache/tmp/pistache_fork-cfgcmd.txt.in">
			<Option virtualFolder="CMake Files\pistache\tmp\"/>
		</Unit>
		<Unit filename="/home/paolo/workspace/zdomus/domusEngine/googletest/googlemock/CMakeLists.txt">
			<Option virtualFolder="CMake Files\googletest\googlemock\"/>
		</Unit>
		<Unit filename="/home/paolo/workspace/zdomus/domusEngine/googletest/googlemock/CMakeLists.txt">
			<Option virtualFolder="CMake Files\googletest\googlemock\"/>
		</Unit>
		<Unit filename="/home/paolo/workspace/zdomus/domusEngine/googletest/googletest/CMakeLists.txt">
			<Option virtualFolder="CMake Files\googletest\googletest\"/>
		</Unit>
		<Unit filename="/home/paolo/workspace/zdomus/domusEngine/googletest/googletest/CMakeLists.txt">
			<Option virtualFolder="CMake Files\googletest\googletest\"/>
		</Unit>
		<Unit filename="/home/paolo/workspace/zdomus/domusEngine/googletest/googletest/CMakeLists.txt">
			<Option virtualFolder="CMake Files\googletest\googletest\"/>
		</Unit>
		<Unit filename="/home/paolo/workspace/zdomus/domusEngine/googletest/googletest/cmake/internal_utils.cmake">
			<Option virtualFolder="CMake Files\googletest\googletest\cmake\"/>
		</Unit>
		<Unit filename="/home/paolo/workspace/zdomus/domusEngine/googletest/googletest/cmake/internal_utils.cmake">
			<Option virtualFolder="CMake Files\googletest\googletest\cmake\"/>
		</Unit>
		<Unit filename="/home/paolo/workspace/zdomus/domusEngine/googletest/googletest/cmake/internal_utils.cmake">
			<Option virtualFolder="CMake Files\googletest\googletest\cmake\"/>
		</Unit>
		<Unit filename="/home/paolo/workspace/zdomus/domusEngine/src/test/CMakeLists.txt">
			<Option virtualFolder="CMake Files\src\test\"/>
		</Unit>
		<Unit filename="/home/paolo/workspace/zdomus/domusEngine/src/test/CMakeLists.txt">
			<Option virtualFolder="CMake Files\src\test\"/>
		</Unit>
		<Unit filename="/home/paolo/workspace/zdomus/domusEngine/src/serialDriver2/CMakeLists.txt">
			<Option virtualFolder="CMake Files\src\serialDriver2\"/>
		</Unit>
		<Unit filename="/home/paolo/workspace/zdomus/domusEngine/src/DemoDriver/CMakeLists.txt">
			<Option virtualFolder="CMake Files\src\DemoDriver\"/>
		</Unit>
		<Unit filename="/home/paolo/workspace/zdomus/domusEngine/src/usb/CMakeLists.txt">
			<Option virtualFolder="CMake Files\src\usb\"/>
		</Unit>
		<Unit filename="/home/paolo/workspace/zdomus/domusEngine/src/Database/CMakeLists.txt">
			<Option virtualFolder="CMake Files\src\Database\"/>
		</Unit>
		<Unit filename="/home/paolo/workspace/zdomus/domusEngine/src/ZigbeeData/CMakeLists.txt">
			<Option virtualFolder="CMake Files\src\ZigbeeData\"/>
		</Unit>
		<Unit filename="/home/paolo/workspace/zdomus/domusEngine/src/ZigbeeData/PropertyTree/CMakeLists.txt">
			<Option virtualFolder="CMake Files\src\ZigbeeData\PropertyTree\"/>
		</Unit>
		<Unit filename="/home/paolo/workspace/zdomus/domusEngine/src/httpServer/CMakeLists.txt">
			<Option virtualFolder="CMake Files\src\httpServer\"/>
		</Unit>
		<Unit filename="/home/paolo/workspace/zdomus/domusEngine/src/httpServer/RestActions/CMakeLists.txt">
			<Option virtualFolder="CMake Files\src\httpServer\RestActions\"/>
		</Unit>
		<Unit filename="/home/paolo/workspace/zdomus/domusEngine/src/serialDriver/CMakeLists.txt">
			<Option virtualFolder="CMake Files\src\serialDriver\"/>
		</Unit>
		<Unit filename="/home/paolo/workspace/zdomus/domusEngine/src/Exception/CMakeLists.txt">
			<Option virtualFolder="CMake Files\src\Exception\"/>
		</Unit>
		<Unit filename="/home/paolo/workspace/zdomus/domusEngine/src/Utils/CMakeLists.txt">
			<Option virtualFolder="CMake Files\src\Utils\"/>
		</Unit>
		<Unit filename="/home/paolo/workspace/zdomus/domusEngine/src/JavaScript/CMakeLists.txt">
			<Option virtualFolder="CMake Files\src\JavaScript\"/>
		</Unit>
		<Unit filename="/home/paolo/workspace/zdomus/domusEngine/src/JavaScript/JSZAttributes/CMakeLists.txt">
			<Option virtualFolder="CMake Files\src\JavaScript\JSZAttributes\"/>
		</Unit>
		<Unit filename="/home/paolo/workspace/zdomus/domusEngine/src/JavaScript/Exceptions/CMakeLists.txt">
			<Option virtualFolder="CMake Files\src\JavaScript\Exceptions\"/>
		</Unit>
		<Unit filename="/home/paolo/workspace/zdomus/domusEngine/src/IO/CMakeLists.txt">
			<Option virtualFolder="CMake Files\src\IO\"/>
		</Unit>
		<Unit filename="/home/paolo/workspace/zdomus/domusEngine/src/Configuration/CMakeLists.txt">
			<Option virtualFolder="CMake Files\src\Configuration\"/>
		</Unit>
		<Unit filename="/home/paolo/workspace/zdomus/domusEngine/src/json/CMakeLists.txt">
			<Option virtualFolder="CMake Files\src\json\"/>
		</Unit>
	</Project>
</CodeBlocks_project_file>
